
Microsoft Visual Studio Solution File, Format Version 12.00
# Visual Studio Version 16
VisualStudioVersion = 16.0.31515.178
MinimumVisualStudioVersion = 10.0.40219.1
Project("{888888A0-9F3D-457C-B088-3A5042F75D52}") = "CIS261ProjectPhase1", "CIS261ProjectPhase1.pyproj", "{78E0DFE1-7970-4661-B13B-7E3B9627857D}"
EndProject
Global
	GlobalSection(SolutionConfigurationPlatforms) = preSolution
		Debug|Any CPU = Debug|Any CPU
		Release|Any CPU = Release|Any CPU
	EndGlobalSection
	GlobalSection(ProjectConfigurationPlatforms) = postSolution
		{78E0DFE1-7970-4661-B13B-7E3B9627857D}.Debug|Any CPU.ActiveCfg = Debug|Any CPU
		{78E0DFE1-7970-4661-B13B-7E3B9627857D}.Release|Any CPU.ActiveCfg = Release|Any CPU
	EndGlobalSection
	GlobalSection(SolutionProperties) = preSolution
		HideSolutionNode = FALSE
	EndGlobalSection
	GlobalSection(ExtensibilityGlobals) = postSolution
		SolutionGuid = {2BBD1EC8-1FC5-47EC-A375-0B063FC5C548}
	EndGlobalSection
EndGlobal
